
Microsoft Visual Studio Solution File, Format Version 12.00
# Visual Studio Version 17
VisualStudioVersion = 17.2.32516.85
MinimumVisualStudioVersion = 10.0.40219.1
Project("{2150E333-8FDC-42A3-9474-1A3956D46DE8}") = "Services", "Services", "{24623264-7381-4A6D-8CBB-BC9921962662}"
EndProject
Project("{9A19103F-16F7-4668-BE54-9A1E7A4F7556}") = "Catalog.Api", "Catalog.Api\Catalog.Api.csproj", "{DAE8699B-4A49-44B2-94E5-3D63F8A6688B}"
EndProject
Project("{E53339B2-1760-4266-BCC7-CA923CBCF16C}") = "docker-compose", "docker-compose.dcproj", "{F35B4F4D-AC46-43AC-ACC9-BCEB896B59E3}"
EndProject
Project("{2150E333-8FDC-42A3-9474-1A3956D46DE8}") = "Catalog", "Catalog", "{6341363C-D74A-48FF-87B0-01CE54AA940B}"
EndProject
Project("{2150E333-8FDC-42A3-9474-1A3956D46DE8}") = "Basket", "Basket", "{4222E317-2DAD-4E1E-AD50-5B27B99FAD29}"
EndProject
Project("{9A19103F-16F7-4668-BE54-9A1E7A4F7556}") = "Basket.Api", "Basket.Api\Basket.Api.csproj", "{D92E7C5D-E351-4E0A-865F-DA3772A6F8A1}"
EndProject
Project("{2150E333-8FDC-42A3-9474-1A3956D46DE8}") = "Discount", "Discount", "{E8077DB6-EF5D-4ECC-9CF2-4409E83471B0}"
EndProject
Project("{9A19103F-16F7-4668-BE54-9A1E7A4F7556}") = "Discount.Api", "Discount.Api\Discount.Api.csproj", "{9171B9F3-9ED2-40C6-98D6-259BB02DCFE2}"
EndProject
Project("{FAE04EC0-301F-11D3-BF4B-00C04F79EFBC}") = "Discount.Grpc", "Discount.Grpc\Discount.Grpc.csproj", "{F003FE43-99AE-4390-9A9F-450205E296BC}"
EndProject
Global
	GlobalSection(SolutionConfigurationPlatforms) = preSolution
		Debug|Any CPU = Debug|Any CPU
		Release|Any CPU = Release|Any CPU
	EndGlobalSection
	GlobalSection(ProjectConfigurationPlatforms) = postSolution
		{DAE8699B-4A49-44B2-94E5-3D63F8A6688B}.Debug|Any CPU.ActiveCfg = Debug|Any CPU
		{DAE8699B-4A49-44B2-94E5-3D63F8A6688B}.Debug|Any CPU.Build.0 = Debug|Any CPU
		{DAE8699B-4A49-44B2-94E5-3D63F8A6688B}.Release|Any CPU.ActiveCfg = Release|Any CPU
		{DAE8699B-4A49-44B2-94E5-3D63F8A6688B}.Release|Any CPU.Build.0 = Release|Any CPU
		{F35B4F4D-AC46-43AC-ACC9-BCEB896B59E3}.Debug|Any CPU.ActiveCfg = Debug|Any CPU
		{F35B4F4D-AC46-43AC-ACC9-BCEB896B59E3}.Debug|Any CPU.Build.0 = Debug|Any CPU
		{F35B4F4D-AC46-43AC-ACC9-BCEB896B59E3}.Release|Any CPU.ActiveCfg = Release|Any CPU
		{F35B4F4D-AC46-43AC-ACC9-BCEB896B59E3}.Release|Any CPU.Build.0 = Release|Any CPU
		{D92E7C5D-E351-4E0A-865F-DA3772A6F8A1}.Debug|Any CPU.ActiveCfg = Debug|Any CPU
		{D92E7C5D-E351-4E0A-865F-DA3772A6F8A1}.Debug|Any CPU.Build.0 = Debug|Any CPU
		{D92E7C5D-E351-4E0A-865F-DA3772A6F8A1}.Release|Any CPU.ActiveCfg = Release|Any CPU
		{D92E7C5D-E351-4E0A-865F-DA3772A6F8A1}.Release|Any CPU.Build.0 = Release|Any CPU
		{9171B9F3-9ED2-40C6-98D6-259BB02DCFE2}.Debug|Any CPU.ActiveCfg = Debug|Any CPU
		{9171B9F3-9ED2-40C6-98D6-259BB02DCFE2}.Debug|Any CPU.Build.0 = Debug|Any CPU
		{9171B9F3-9ED2-40C6-98D6-259BB02DCFE2}.Release|Any CPU.ActiveCfg = Release|Any CPU
		{9171B9F3-9ED2-40C6-98D6-259BB02DCFE2}.Release|Any CPU.Build.0 = Release|Any CPU
		{F003FE43-99AE-4390-9A9F-450205E296BC}.Debug|Any CPU.ActiveCfg = Debug|Any CPU
		{F003FE43-99AE-4390-9A9F-450205E296BC}.Debug|Any CPU.Build.0 = Debug|Any CPU
		{F003FE43-99AE-4390-9A9F-450205E296BC}.Release|Any CPU.ActiveCfg = Release|Any CPU
		{F003FE43-99AE-4390-9A9F-450205E296BC}.Release|Any CPU.Build.0 = Release|Any CPU
	EndGlobalSection
	GlobalSection(SolutionProperties) = preSolution
		HideSolutionNode = FALSE
	EndGlobalSection
	GlobalSection(NestedProjects) = preSolution
		{DAE8699B-4A49-44B2-94E5-3D63F8A6688B} = {6341363C-D74A-48FF-87B0-01CE54AA940B}
		{6341363C-D74A-48FF-87B0-01CE54AA940B} = {24623264-7381-4A6D-8CBB-BC9921962662}
		{4222E317-2DAD-4E1E-AD50-5B27B99FAD29} = {24623264-7381-4A6D-8CBB-BC9921962662}
		{D92E7C5D-E351-4E0A-865F-DA3772A6F8A1} = {4222E317-2DAD-4E1E-AD50-5B27B99FAD29}
		{E8077DB6-EF5D-4ECC-9CF2-4409E83471B0} = {24623264-7381-4A6D-8CBB-BC9921962662}
		{9171B9F3-9ED2-40C6-98D6-259BB02DCFE2} = {E8077DB6-EF5D-4ECC-9CF2-4409E83471B0}
		{F003FE43-99AE-4390-9A9F-450205E296BC} = {E8077DB6-EF5D-4ECC-9CF2-4409E83471B0}
	EndGlobalSection
	GlobalSection(ExtensibilityGlobals) = postSolution
		SolutionGuid = {5F2E4402-551D-4D84-A525-6A4D98FCFD66}
	EndGlobalSection
EndGlobal
